{
  "requires": true,
  "lockfileVersion": 1,
  "dependencies": {
    "@uirouter/core": {
      "version": "5.0.3",
      "resolved": "https://registry.npmjs.org/@uirouter/core/-/core-5.0.3.tgz",
      "integrity": "sha1-4rWx5FGQ4gxnuk4VwBPeXU4MyrM="
    },
    "angular": {
      "version": "1.6.5",
      "resolved": "https://registry.npmjs.org/angular/-/angular-1.6.5.tgz",
      "integrity": "sha1-N/eI7r7Fzi4/oCsXu8sqIxV2oNY="
    },
    "angular-google-chart": {
      "version": "1.0.0-beta.1",
      "resolved": "https://registry.npmjs.org/angular-google-chart/-/angular-google-chart-1.0.0-beta.1.tgz",
      "integrity": "sha1-1DbX9VVtUvTIJyeyZuXzJc8eDFQ=",
      "requires": {
        "angular": "1.6.5"
      }
    },
    "angular-ui-router": {
      "version": "1.0.3",
      "resolved": "https://registry.npmjs.org/angular-ui-router/-/angular-ui-router-1.0.3.tgz",
      "integrity": "sha1-vySUyq6Vw3zwGvN2HYl0fP7S20U=",
      "requires": {
        "@uirouter/core": "5.0.3"
      }
    },
    "bootstrap": {
      "version": "3.3.7",
      "resolved": "https://registry.npmjs.org/bootstrap/-/bootstrap-3.3.7.tgz",
      "integrity": "sha1-WjiTlFSfIzMIdaOxUGVldPip63E="
    }
  }
}
